{
  "requires": true,
  "lockfileVersion": 1,
  "dependencies": {
    "uuid": {
      "version": "2.0.3",
      "resolved": "https://registry.npmjs.org/uuid/-/uuid-2.0.3.tgz",
      "integrity": "sha1-Z+LoY3lyFVMN/zGOW/nc6/1Hsho="
    },
    "uuid-cli": {
      "version": "2.0.0",
      "resolved": "https://registry.npmjs.org/uuid-cli/-/uuid-cli-2.0.0.tgz",
      "integrity": "sha1-5q6egZBUCQsYxsgOVXil2Qw16o0=",
      "requires": {
        "uuid": "^2.0.1"
      }
    }
  }
}
